
Microsoft Visual Studio Solution File, Format Version 12.00
# Visual Studio Version 17
VisualStudioVersion = 17.13.35825.156 d17.13
MinimumVisualStudioVersion = 10.0.40219.1
Project("{FAE04EC0-301F-11D3-BF4B-00C04F79EFBC}") = "Multi-Login", "Multi-Login\Multi-Login.csproj", "{F8236A27-77E2-4DA1-9099-A6B8DE14319A}"
EndProject
Global
	GlobalSection(SolutionConfigurationPlatforms) = preSolution
		Debug|Any CPU = Debug|Any CPU
		Release|Any CPU = Release|Any CPU
	EndGlobalSection
	GlobalSection(ProjectConfigurationPlatforms) = postSolution
		{F8236A27-77E2-4DA1-9099-A6B8DE14319A}.Debug|Any CPU.ActiveCfg = Debug|Any CPU
		{F8236A27-77E2-4DA1-9099-A6B8DE14319A}.Debug|Any CPU.Build.0 = Debug|Any CPU
		{F8236A27-77E2-4DA1-9099-A6B8DE14319A}.Release|Any CPU.ActiveCfg = Release|Any CPU
		{F8236A27-77E2-4DA1-9099-A6B8DE14319A}.Release|Any CPU.Build.0 = Release|Any CPU
	EndGlobalSection
	GlobalSection(SolutionProperties) = preSolution
		HideSolutionNode = FALSE
	EndGlobalSection
	GlobalSection(ExtensibilityGlobals) = postSolution
		SolutionGuid = {EF9BD2E5-121D-4AA5-B16A-C7286EB92CFA}
	EndGlobalSection
EndGlobal
